
Microsoft Visual Studio Solution File, Format Version 12.00
# Visual Studio 15
VisualStudioVersion = 15.0.27130.2020
MinimumVisualStudioVersion = 10.0.40219.1
Project("{8BC9CEB8-8B4A-11D0-8D11-00A0C91BC942}") = "KeemoLib", "KeemoLib\KeemoLib.vcxproj", "{D17F613B-D28F-4E24-84F5-D5A02CF93DAC}"
EndProject
Project("{8BC9CEB8-8B4A-11D0-8D11-00A0C91BC942}") = "KeemoTests", "KeemoTests\KeemoTests.vcxproj", "{65A22831-CE38-4BC1-B581-1482EAD90AAE}"
EndProject
Project("{8BC9CEB8-8B4A-11D0-8D11-00A0C91BC942}") = "SDL Playfield", "SDL Playfield\SDL Playfield.vcxproj", "{45EF8841-2B0F-45BF-B1AD-D43069AC30FE}"
EndProject
Project("{8BC9CEB8-8B4A-11D0-8D11-00A0C91BC942}") = "KeemoSDL", "KeemoSDL\KeemoSDL.vcxproj", "{4380DF5C-A472-4C95-922F-A3875BDD4E56}"
EndProject
Global
	GlobalSection(SolutionConfigurationPlatforms) = preSolution
		Debug|x64 = Debug|x64
		Debug|x86 = Debug|x86
		Release|x64 = Release|x64
		Release|x86 = Release|x86
	EndGlobalSection
	GlobalSection(ProjectConfigurationPlatforms) = postSolution
		{D17F613B-D28F-4E24-84F5-D5A02CF93DAC}.Debug|x64.ActiveCfg = Debug|x64
		{D17F613B-D28F-4E24-84F5-D5A02CF93DAC}.Debug|x64.Build.0 = Debug|x64
		{D17F613B-D28F-4E24-84F5-D5A02CF93DAC}.Debug|x86.ActiveCfg = Debug|Win32
		{D17F613B-D28F-4E24-84F5-D5A02CF93DAC}.Debug|x86.Build.0 = Debug|Win32
		{D17F613B-D28F-4E24-84F5-D5A02CF93DAC}.Release|x64.ActiveCfg = Release|x64
		{D17F613B-D28F-4E24-84F5-D5A02CF93DAC}.Release|x64.Build.0 = Release|x64
		{D17F613B-D28F-4E24-84F5-D5A02CF93DAC}.Release|x86.ActiveCfg = Release|Win32
		{D17F613B-D28F-4E24-84F5-D5A02CF93DAC}.Release|x86.Build.0 = Release|Win32
		{65A22831-CE38-4BC1-B581-1482EAD90AAE}.Debug|x64.ActiveCfg = Debug|x64
		{65A22831-CE38-4BC1-B581-1482EAD90AAE}.Debug|x64.Build.0 = Debug|x64
		{65A22831-CE38-4BC1-B581-1482EAD90AAE}.Debug|x86.ActiveCfg = Debug|Win32
		{65A22831-CE38-4BC1-B581-1482EAD90AAE}.Debug|x86.Build.0 = Debug|Win32
		{65A22831-CE38-4BC1-B581-1482EAD90AAE}.Release|x64.ActiveCfg = Release|x64
		{65A22831-CE38-4BC1-B581-1482EAD90AAE}.Release|x64.Build.0 = Release|x64
		{65A22831-CE38-4BC1-B581-1482EAD90AAE}.Release|x86.ActiveCfg = Release|Win32
		{65A22831-CE38-4BC1-B581-1482EAD90AAE}.Release|x86.Build.0 = Release|Win32
		{45EF8841-2B0F-45BF-B1AD-D43069AC30FE}.Debug|x64.ActiveCfg = Debug|x64
		{45EF8841-2B0F-45BF-B1AD-D43069AC30FE}.Debug|x64.Build.0 = Debug|x64
		{45EF8841-2B0F-45BF-B1AD-D43069AC30FE}.Debug|x86.ActiveCfg = Debug|Win32
		{45EF8841-2B0F-45BF-B1AD-D43069AC30FE}.Debug|x86.Build.0 = Debug|Win32
		{45EF8841-2B0F-45BF-B1AD-D43069AC30FE}.Release|x64.ActiveCfg = Release|x64
		{45EF8841-2B0F-45BF-B1AD-D43069AC30FE}.Release|x64.Build.0 = Release|x64
		{45EF8841-2B0F-45BF-B1AD-D43069AC30FE}.Release|x86.ActiveCfg = Release|Win32
		{45EF8841-2B0F-45BF-B1AD-D43069AC30FE}.Release|x86.Build.0 = Release|Win32
		{4380DF5C-A472-4C95-922F-A3875BDD4E56}.Debug|x64.ActiveCfg = Debug|x64
		{4380DF5C-A472-4C95-922F-A3875BDD4E56}.Debug|x64.Build.0 = Debug|x64
		{4380DF5C-A472-4C95-922F-A3875BDD4E56}.Debug|x86.ActiveCfg = Debug|Win32
		{4380DF5C-A472-4C95-922F-A3875BDD4E56}.Debug|x86.Build.0 = Debug|Win32
		{4380DF5C-A472-4C95-922F-A3875BDD4E56}.Release|x64.ActiveCfg = Release|x64
		{4380DF5C-A472-4C95-922F-A3875BDD4E56}.Release|x64.Build.0 = Release|x64
		{4380DF5C-A472-4C95-922F-A3875BDD4E56}.Release|x86.ActiveCfg = Release|Win32
		{4380DF5C-A472-4C95-922F-A3875BDD4E56}.Release|x86.Build.0 = Release|Win32
	EndGlobalSection
	GlobalSection(SolutionProperties) = preSolution
		HideSolutionNode = FALSE
	EndGlobalSection
	GlobalSection(ExtensibilityGlobals) = postSolution
		SolutionGuid = {CB45E926-16B5-4633-86D4-506204FD018A}
	EndGlobalSection
EndGlobal
