<?xml version="1.0" encoding="utf-8"?>
<Project ToolsVersion="4.0" xmlns="http://schemas.microsoft.com/developer/msbuild/2003">
  <ItemGroup>
    <Filter Include="Archivos de código fuente">
      <UniqueIdentifier>{4FC737F1-C7A5-4376-A066-2A32D752A2FF}</UniqueIdentifier>
      <Extensions>cpp;c;cc;cxx;def;odl;idl;hpj;bat;asm;asmx</Extensions>
    </Filter>
    <Filter Include="Archivos de encabezado">
      <UniqueIdentifier>{93995380-89BD-4b04-88EB-625FBE52EBFB}</UniqueIdentifier>
      <Extensions>h;hh;hpp;hxx;hm;inl;inc;xsd</Extensions>
    </Filter>
    <Filter Include="Archivos de recursos">
      <UniqueIdentifier>{67DA6AB6-F800-4c08-8B7A-83BB121AAD01}</UniqueIdentifier>
      <Extensions>rc;ico;cur;bmp;dlg;rc2;rct;bin;rgs;gif;jpg;jpeg;jpe;resx;tiff;tif;png;wav;mfcribbon-ms</Extensions>
    </Filter>
    <Filter Include="Tests">
      <UniqueIdentifier>{10f355ca-c929-448b-ba45-ca10392a9268}</UniqueIdentifier>
    </Filter>
    <Filter Include="Tests\Memory">
      <UniqueIdentifier>{132d0351-57ad-41d1-bda2-5df99bc3e24e}</UniqueIdentifier>
    </Filter>
    <Filter Include="Tests\Cpu">
      <UniqueIdentifier>{28edd46c-b37a-4969-8f08-fe6968597ca1}</UniqueIdentifier>
    </Filter>
    <Filter Include="Tests\Cpu\OpCodes">
      <UniqueIdentifier>{adffb86b-4f2a-45bc-a47c-fadd7b5ef053}</UniqueIdentifier>
    </Filter>
    <Filter Include="Tests\Cartridge">
      <UniqueIdentifier>{c907890a-9afc-429f-b4c1-a5200bf352e4}</UniqueIdentifier>
    </Filter>
    <Filter Include="Tests\Video">
      <UniqueIdentifier>{e1bf285c-e5ce-4593-a319-e30010ea4b5b}</UniqueIdentifier>
    </Filter>
  </ItemGroup>
  <ItemGroup>
    <ClInclude Include="stdafx.h">
      <Filter>Archivos de encabezado</Filter>
    </ClInclude>
    <ClInclude Include="targetver.h">
      <Filter>Archivos de encabezado</Filter>
    </ClInclude>
  </ItemGroup>
  <ItemGroup>
    <ClCompile Include="stdafx.cpp">
      <Filter>Archivos de código fuente</Filter>
    </ClCompile>
    <ClCompile Include="tests\memory\MemoryTests.cpp">
      <Filter>Tests\Memory</Filter>
    </ClCompile>
    <ClCompile Include="tests\cartridge\CartridgeLoadTests.cpp">
      <Filter>Tests\Cartridge</Filter>
    </ClCompile>
    <ClCompile Include="tests\cpu\Test8BitLoads.cpp">
      <Filter>Tests\Cpu\OpCodes</Filter>
    </ClCompile>
    <ClCompile Include="tests\cpu\Test16BitLoads.cpp">
      <Filter>Tests\Cpu\OpCodes</Filter>
    </ClCompile>
    <ClCompile Include="tests\cpu\TestJumps.cpp">
      <Filter>Tests\Cpu\OpCodes</Filter>
    </ClCompile>
    <ClCompile Include="tests\video\VideoTests.cpp">
      <Filter>Archivos de código fuente</Filter>
    </ClCompile>
  </ItemGroup>
</Project>